
Microsoft Visual Studio Solution File, Format Version 12.00
# Visual Studio 15
VisualStudioVersion = 15.0.27130.2027
MinimumVisualStudioVersion = 10.0.40219.1
Project("{8BC9CEB8-8B4A-11D0-8D11-00A0C91BC942}") = "Befunge++", "Befunge++\Befunge++.vcxproj", "{22AAD9B2-BB73-4C2D-959E-7205FE385BDF}"
EndProject
Global
	GlobalSection(SolutionConfigurationPlatforms) = preSolution
		Debug|x64 = Debug|x64
		Debug|x86 = Debug|x86
		Release|x64 = Release|x64
		Release|x86 = Release|x86
	EndGlobalSection
	GlobalSection(ProjectConfigurationPlatforms) = postSolution
		{22AAD9B2-BB73-4C2D-959E-7205FE385BDF}.Debug|x64.ActiveCfg = Debug|x64
		{22AAD9B2-BB73-4C2D-959E-7205FE385BDF}.Debug|x64.Build.0 = Debug|x64
		{22AAD9B2-BB73-4C2D-959E-7205FE385BDF}.Debug|x86.ActiveCfg = Debug|Win32
		{22AAD9B2-BB73-4C2D-959E-7205FE385BDF}.Debug|x86.Build.0 = Debug|Win32
		{22AAD9B2-BB73-4C2D-959E-7205FE385BDF}.Release|x64.ActiveCfg = Release|x64
		{22AAD9B2-BB73-4C2D-959E-7205FE385BDF}.Release|x64.Build.0 = Release|x64
		{22AAD9B2-BB73-4C2D-959E-7205FE385BDF}.Release|x86.ActiveCfg = Release|Win32
		{22AAD9B2-BB73-4C2D-959E-7205FE385BDF}.Release|x86.Build.0 = Release|Win32
	EndGlobalSection
	GlobalSection(SolutionProperties) = preSolution
		HideSolutionNode = FALSE
	EndGlobalSection
	GlobalSection(ExtensibilityGlobals) = postSolution
		SolutionGuid = {2AD4B10F-C5E9-4393-B6C2-185C53148893}
	EndGlobalSection
EndGlobal
